
Microsoft Visual Studio Solution File, Format Version 12.00
# Visual Studio Version 17
VisualStudioVersion = 17.5.33530.505
MinimumVisualStudioVersion = 10.0.40219.1
Project("{9A19103F-16F7-4668-BE54-9A1E7A4F7556}") = "BirdClinicSystemWinFromApp_SE1737", "BirdClinicSystemWinFromApp_SE1737\BirdClinicSystemWinFromApp_SE1737.csproj", "{494F0AF4-E130-4BA6-A1FE-1D8B0F2B1310}"
EndProject
Project("{9A19103F-16F7-4668-BE54-9A1E7A4F7556}") = "DataAccessObjects", "DataAccessObjects\DataAccessObjects.csproj", "{0A82CA70-03C8-4EAB-8C2B-DD808F205993}"
EndProject
Project("{9A19103F-16F7-4668-BE54-9A1E7A4F7556}") = "Repositories", "Repositories\Repositories.csproj", "{1771D02D-11EA-4FE0-B396-E288C65541B4}"
EndProject
Project("{9A19103F-16F7-4668-BE54-9A1E7A4F7556}") = "BusinessObjects", "BusinessObjects\BusinessObjects.csproj", "{2D92DE16-2078-4AA5-89E1-0AD4C7648217}"
EndProject
Project("{2150E333-8FDC-42A3-9474-1A3956D46DE8}") = "Solution Items", "Solution Items", "{C466FC7F-124C-4839-A81E-6C3EFB00D506}"
	ProjectSection(SolutionItems) = preProject
		.editorconfig = .editorconfig
	EndProjectSection
EndProject
Global
	GlobalSection(SolutionConfigurationPlatforms) = preSolution
		Debug|Any CPU = Debug|Any CPU
		Release|Any CPU = Release|Any CPU
	EndGlobalSection
	GlobalSection(ProjectConfigurationPlatforms) = postSolution
		{494F0AF4-E130-4BA6-A1FE-1D8B0F2B1310}.Debug|Any CPU.ActiveCfg = Debug|Any CPU
		{494F0AF4-E130-4BA6-A1FE-1D8B0F2B1310}.Debug|Any CPU.Build.0 = Debug|Any CPU
		{494F0AF4-E130-4BA6-A1FE-1D8B0F2B1310}.Release|Any CPU.ActiveCfg = Release|Any CPU
		{494F0AF4-E130-4BA6-A1FE-1D8B0F2B1310}.Release|Any CPU.Build.0 = Release|Any CPU
		{0A82CA70-03C8-4EAB-8C2B-DD808F205993}.Debug|Any CPU.ActiveCfg = Debug|Any CPU
		{0A82CA70-03C8-4EAB-8C2B-DD808F205993}.Debug|Any CPU.Build.0 = Debug|Any CPU
		{0A82CA70-03C8-4EAB-8C2B-DD808F205993}.Release|Any CPU.ActiveCfg = Release|Any CPU
		{0A82CA70-03C8-4EAB-8C2B-DD808F205993}.Release|Any CPU.Build.0 = Release|Any CPU
		{1771D02D-11EA-4FE0-B396-E288C65541B4}.Debug|Any CPU.ActiveCfg = Debug|Any CPU
		{1771D02D-11EA-4FE0-B396-E288C65541B4}.Debug|Any CPU.Build.0 = Debug|Any CPU
		{1771D02D-11EA-4FE0-B396-E288C65541B4}.Release|Any CPU.ActiveCfg = Release|Any CPU
		{1771D02D-11EA-4FE0-B396-E288C65541B4}.Release|Any CPU.Build.0 = Release|Any CPU
		{2D92DE16-2078-4AA5-89E1-0AD4C7648217}.Debug|Any CPU.ActiveCfg = Debug|Any CPU
		{2D92DE16-2078-4AA5-89E1-0AD4C7648217}.Debug|Any CPU.Build.0 = Debug|Any CPU
		{2D92DE16-2078-4AA5-89E1-0AD4C7648217}.Release|Any CPU.ActiveCfg = Release|Any CPU
		{2D92DE16-2078-4AA5-89E1-0AD4C7648217}.Release|Any CPU.Build.0 = Release|Any CPU
	EndGlobalSection
	GlobalSection(SolutionProperties) = preSolution
		HideSolutionNode = FALSE
	EndGlobalSection
	GlobalSection(ExtensibilityGlobals) = postSolution
		SolutionGuid = {A95758A1-B299-4C69-A717-D0772DF3D40C}
	EndGlobalSection
EndGlobal
